{
    "name": "udroid",
    "version": "0.0.1",
    "lockfileVersion": 3,
    "requires": true,
    "packages": {
        "": {
            "name": "udroid",
            "version": "0.0.1",
            "license": "ISC",
            "dependencies": {
                "class-variance-authority": "^0.7.1",
                "clsx": "^2.1.1",
                "framer-motion": "^12.23.26",
                "tailwind-merge": "^3.4.0"
            },
            "bin": {
                "udroid": "scripts/cli.js"
            },
            "devDependencies": {
                "chalk": "^4.1.2",
                "commander": "^14.0.2",
                "fs-extra": "^11.3.3",
                "ora": "^5.4.1",
                "rollup": "^4.0.0",
                "typescript": "^5.0.0"
            },
            "peerDependencies": {
                "react": "^18.0.0",
                "react-dom": "^18.0.0"
            }
        },
        "node_modules/@rollup/rollup-android-arm-eabi": {
            "version": "4.54.0",
            "resolved": "https://registry.npmjs.org/@rollup/rollup-android-arm-eabi/-/rollup-android-arm-eabi-4.54.0.tgz",
            "integrity": "sha512-OywsdRHrFvCdvsewAInDKCNyR3laPA2mc9bRYJ6LBp5IyvF3fvXbbNR0bSzHlZVFtn6E0xw2oZlyjg4rKCVcng==",
            "cpu": [
                "arm"
            ],
            "dev": true,
            "license": "MIT",
            "optional": true,
            "os": [
                "android"
            ]
        },
        "node_modules/@rollup/rollup-android-arm64": {
            "version": "4.54.0",
            "resolved": "https://registry.npmjs.org/@rollup/rollup-android-arm64/-/rollup-android-arm64-4.54.0.tgz",
            "integrity": "sha512-Skx39Uv+u7H224Af+bDgNinitlmHyQX1K/atIA32JP3JQw6hVODX5tkbi2zof/E69M1qH2UoN3Xdxgs90mmNYw==",
            "cpu": [
                "arm64"
            ],
            "dev": true,
            "license": "MIT",
            "optional": true,
            "os": [
                "android"
            ]
        },
        "node_modules/@rollup/rollup-darwin-arm64": {
            "version": "4.54.0",
            "resolved": "https://registry.npmjs.org/@rollup/rollup-darwin-arm64/-/rollup-darwin-arm64-4.54.0.tgz",
            "integrity": "sha512-k43D4qta/+6Fq+nCDhhv9yP2HdeKeP56QrUUTW7E6PhZP1US6NDqpJj4MY0jBHlJivVJD5P8NxrjuobZBJTCRw==",
            "cpu": [
                "arm64"
            ],
            "dev": true,
            "license": "MIT",
            "optional": true,
            "os": [
                "darwin"
            ]
        },
        "node_modules/@rollup/rollup-darwin-x64": {
            "version": "4.54.0",
            "resolved": "https://registry.npmjs.org/@rollup/rollup-darwin-x64/-/rollup-darwin-x64-4.54.0.tgz",
            "integrity": "sha512-cOo7biqwkpawslEfox5Vs8/qj83M/aZCSSNIWpVzfU2CYHa2G3P1UN5WF01RdTHSgCkri7XOlTdtk17BezlV3A==",
            "cpu": [
                "x64"
            ],
            "dev": true,
            "license": "MIT",
            "optional": true,
            "os": [
                "darwin"
            ]
        },
        "node_modules/@rollup/rollup-freebsd-arm64": {
            "version": "4.54.0",
            "resolved": "https://registry.npmjs.org/@rollup/rollup-freebsd-arm64/-/rollup-freebsd-arm64-4.54.0.tgz",
            "integrity": "sha512-miSvuFkmvFbgJ1BevMa4CPCFt5MPGw094knM64W9I0giUIMMmRYcGW/JWZDriaw/k1kOBtsWh1z6nIFV1vPNtA==",
            "cpu": [
                "arm64"
            ],
            "dev": true,
            "license": "MIT",
            "optional": true,
            "os": [
                "freebsd"
            ]
        },
        "node_modules/@rollup/rollup-freebsd-x64": {
            "version": "4.54.0",
            "resolved": "https://registry.npmjs.org/@rollup/rollup-freebsd-x64/-/rollup-freebsd-x64-4.54.0.tgz",
            "integrity": "sha512-KGXIs55+b/ZfZsq9aR026tmr/+7tq6VG6MsnrvF4H8VhwflTIuYh+LFUlIsRdQSgrgmtM3fVATzEAj4hBQlaqQ==",
            "cpu": [
                "x64"
            ],
            "dev": true,
            "license": "MIT",
            "optional": true,
            "os": [
                "freebsd"
            ]
        },
        "node_modules/@rollup/rollup-linux-arm-gnueabihf": {
            "version": "4.54.0",
            "resolved": "https://registry.npmjs.org/@rollup/rollup-linux-arm-gnueabihf/-/rollup-linux-arm-gnueabihf-4.54.0.tgz",
            "integrity": "sha512-EHMUcDwhtdRGlXZsGSIuXSYwD5kOT9NVnx9sqzYiwAc91wfYOE1g1djOEDseZJKKqtHAHGwnGPQu3kytmfaXLQ==",
            "cpu": [
                "arm"
            ],
            "dev": true,
            "license": "MIT",
            "optional": true,
            "os": [
                "linux"
            ]
        },
        "node_modules/@rollup/rollup-linux-arm-musleabihf": {
            "version": "4.54.0",
            "resolved": "https://registry.npmjs.org/@rollup/rollup-linux-arm-musleabihf/-/rollup-linux-arm-musleabihf-4.54.0.tgz",
            "integrity": "sha512-+pBrqEjaakN2ySv5RVrj/qLytYhPKEUwk+e3SFU5jTLHIcAtqh2rLrd/OkbNuHJpsBgxsD8ccJt5ga/SeG0JmA==",
            "cpu": [
                "arm"
            ],
            "dev": true,
            "license": "MIT",
            "optional": true,
            "os": [
                "linux"
            ]
        },
        "node_modules/@rollup/rollup-linux-arm64-gnu": {
            "version": "4.54.0",
            "resolved": "https://registry.npmjs.org/@rollup/rollup-linux-arm64-gnu/-/rollup-linux-arm64-gnu-4.54.0.tgz",
            "integrity": "sha512-NSqc7rE9wuUaRBsBp5ckQ5CVz5aIRKCwsoa6WMF7G01sX3/qHUw/z4pv+D+ahL1EIKy6Enpcnz1RY8pf7bjwng==",
            "cpu": [
                "arm64"
            ],
            "dev": true,
            "license": "MIT",
            "optional": true,
            "os": [
                "linux"
            ]
        },
        "node_modules/@rollup/rollup-linux-arm64-musl": {
            "version": "4.54.0",
            "resolved": "https://registry.npmjs.org/@rollup/rollup-linux-arm64-musl/-/rollup-linux-arm64-musl-4.54.0.tgz",
            "integrity": "sha512-gr5vDbg3Bakga5kbdpqx81m2n9IX8M6gIMlQQIXiLTNeQW6CucvuInJ91EuCJ/JYvc+rcLLsDFcfAD1K7fMofg==",
            "cpu": [
                "arm64"
            ],
            "dev": true,
            "license": "MIT",
            "optional": true,
            "os": [
                "linux"
            ]
        },
        "node_modules/@rollup/rollup-linux-loong64-gnu": {
            "version": "4.54.0",
            "resolved": "https://registry.npmjs.org/@rollup/rollup-linux-loong64-gnu/-/rollup-linux-loong64-gnu-4.54.0.tgz",
            "integrity": "sha512-gsrtB1NA3ZYj2vq0Rzkylo9ylCtW/PhpLEivlgWe0bpgtX5+9j9EZa0wtZiCjgu6zmSeZWyI/e2YRX1URozpIw==",
            "cpu": [
                "loong64"
            ],
            "dev": true,
            "license": "MIT",
            "optional": true,
            "os": [
                "linux"
            ]
        },
        "node_modules/@rollup/rollup-linux-ppc64-gnu": {
            "version": "4.54.0",
            "resolved": "https://registry.npmjs.org/@rollup/rollup-linux-ppc64-gnu/-/rollup-linux-ppc64-gnu-4.54.0.tgz",
            "integrity": "sha512-y3qNOfTBStmFNq+t4s7Tmc9hW2ENtPg8FeUD/VShI7rKxNW7O4fFeaYbMsd3tpFlIg1Q8IapFgy7Q9i2BqeBvA==",
            "cpu": [
                "ppc64"
            ],
            "dev": true,
            "license": "MIT",
            "optional": true,
            "os": [
                "linux"
            ]
        },
        "node_modules/@rollup/rollup-linux-riscv64-gnu": {
            "version": "4.54.0",
            "resolved": "https://registry.npmjs.org/@rollup/rollup-linux-riscv64-gnu/-/rollup-linux-riscv64-gnu-4.54.0.tgz",
            "integrity": "sha512-89sepv7h2lIVPsFma8iwmccN7Yjjtgz0Rj/Ou6fEqg3HDhpCa+Et+YSufy27i6b0Wav69Qv4WBNl3Rs6pwhebQ==",
            "cpu": [
                "riscv64"
            ],
            "dev": true,
            "license": "MIT",
            "optional": true,
            "os": [
                "linux"
            ]
        },
        "node_modules/@rollup/rollup-linux-riscv64-musl": {
            "version": "4.54.0",
            "resolved": "https://registry.npmjs.org/@rollup/rollup-linux-riscv64-musl/-/rollup-linux-riscv64-musl-4.54.0.tgz",
            "integrity": "sha512-ZcU77ieh0M2Q8Ur7D5X7KvK+UxbXeDHwiOt/CPSBTI1fBmeDMivW0dPkdqkT4rOgDjrDDBUed9x4EgraIKoR2A==",
            "cpu": [
                "riscv64"
            ],
            "dev": true,
            "license": "MIT",
            "optional": true,
            "os": [
                "linux"
            ]
        },
        "node_modules/@rollup/rollup-linux-s390x-gnu": {
            "version": "4.54.0",
            "resolved": "https://registry.npmjs.org/@rollup/rollup-linux-s390x-gnu/-/rollup-linux-s390x-gnu-4.54.0.tgz",
            "integrity": "sha512-2AdWy5RdDF5+4YfG/YesGDDtbyJlC9LHmL6rZw6FurBJ5n4vFGupsOBGfwMRjBYH7qRQowT8D/U4LoSvVwOhSQ==",
            "cpu": [
                "s390x"
            ],
            "dev": true,
            "license": "MIT",
            "optional": true,
            "os": [
                "linux"
            ]
        },
        "node_modules/@rollup/rollup-linux-x64-gnu": {
            "version": "4.54.0",
            "resolved": "https://registry.npmjs.org/@rollup/rollup-linux-x64-gnu/-/rollup-linux-x64-gnu-4.54.0.tgz",
            "integrity": "sha512-WGt5J8Ij/rvyqpFexxk3ffKqqbLf9AqrTBbWDk7ApGUzaIs6V+s2s84kAxklFwmMF/vBNGrVdYgbblCOFFezMQ==",
            "cpu": [
                "x64"
            ],
            "dev": true,
            "license": "MIT",
            "optional": true,
            "os": [
                "linux"
            ]
        },
        "node_modules/@rollup/rollup-linux-x64-musl": {
            "version": "4.54.0",
            "resolved": "https://registry.npmjs.org/@rollup/rollup-linux-x64-musl/-/rollup-linux-x64-musl-4.54.0.tgz",
            "integrity": "sha512-JzQmb38ATzHjxlPHuTH6tE7ojnMKM2kYNzt44LO/jJi8BpceEC8QuXYA908n8r3CNuG/B3BV8VR3Hi1rYtmPiw==",
            "cpu": [
                "x64"
            ],
            "dev": true,
            "license": "MIT",
            "optional": true,
            "os": [
                "linux"
            ]
        },
        "node_modules/@rollup/rollup-openharmony-arm64": {
            "version": "4.54.0",
            "resolved": "https://registry.npmjs.org/@rollup/rollup-openharmony-arm64/-/rollup-openharmony-arm64-4.54.0.tgz",
            "integrity": "sha512-huT3fd0iC7jigGh7n3q/+lfPcXxBi+om/Rs3yiFxjvSxbSB6aohDFXbWvlspaqjeOh+hx7DDHS+5Es5qRkWkZg==",
            "cpu": [
                "arm64"
            ],
            "dev": true,
            "license": "MIT",
            "optional": true,
            "os": [
                "openharmony"
            ]
        },
        "node_modules/@rollup/rollup-win32-arm64-msvc": {
            "version": "4.54.0",
            "resolved": "https://registry.npmjs.org/@rollup/rollup-win32-arm64-msvc/-/rollup-win32-arm64-msvc-4.54.0.tgz",
            "integrity": "sha512-c2V0W1bsKIKfbLMBu/WGBz6Yci8nJ/ZJdheE0EwB73N3MvHYKiKGs3mVilX4Gs70eGeDaMqEob25Tw2Gb9Nqyw==",
            "cpu": [
                "arm64"
            ],
            "dev": true,
            "license": "MIT",
            "optional": true,
            "os": [
                "win32"
            ]
        },
        "node_modules/@rollup/rollup-win32-ia32-msvc": {
            "version": "4.54.0",
            "resolved": "https://registry.npmjs.org/@rollup/rollup-win32-ia32-msvc/-/rollup-win32-ia32-msvc-4.54.0.tgz",
            "integrity": "sha512-woEHgqQqDCkAzrDhvDipnSirm5vxUXtSKDYTVpZG3nUdW/VVB5VdCYA2iReSj/u3yCZzXID4kuKG7OynPnB3WQ==",
            "cpu": [
                "ia32"
            ],
            "dev": true,
            "license": "MIT",
            "optional": true,
            "os": [
                "win32"
            ]
        },
        "node_modules/@rollup/rollup-win32-x64-gnu": {
            "version": "4.54.0",
            "resolved": "https://registry.npmjs.org/@rollup/rollup-win32-x64-gnu/-/rollup-win32-x64-gnu-4.54.0.tgz",
            "integrity": "sha512-dzAc53LOuFvHwbCEOS0rPbXp6SIhAf2txMP5p6mGyOXXw5mWY8NGGbPMPrs4P1WItkfApDathBj/NzMLUZ9rtQ==",
            "cpu": [
                "x64"
            ],
            "dev": true,
            "license": "MIT",
            "optional": true,
            "os": [
                "win32"
            ]
        },
        "node_modules/@rollup/rollup-win32-x64-msvc": {
            "version": "4.54.0",
            "resolved": "https://registry.npmjs.org/@rollup/rollup-win32-x64-msvc/-/rollup-win32-x64-msvc-4.54.0.tgz",
            "integrity": "sha512-hYT5d3YNdSh3mbCU1gwQyPgQd3T2ne0A3KG8KSBdav5TiBg6eInVmV+TeR5uHufiIgSFg0XsOWGW5/RhNcSvPg==",
            "cpu": [
                "x64"
            ],
            "dev": true,
            "license": "MIT",
            "optional": true,
            "os": [
                "win32"
            ]
        },
        "node_modules/@types/estree": {
            "version": "1.0.8",
            "resolved": "https://registry.npmjs.org/@types/estree/-/estree-1.0.8.tgz",
            "integrity": "sha512-dWHzHa2WqEXI/O1E9OjrocMTKJl2mSrEolh1Iomrv6U+JuNwaHXsXx9bLu5gG7BUWFIN0skIQJQ/L1rIex4X6w==",
            "dev": true,
            "license": "MIT"
        },
        "node_modules/ansi-regex": {
            "version": "5.0.1",
            "resolved": "https://registry.npmjs.org/ansi-regex/-/ansi-regex-5.0.1.tgz",
            "integrity": "sha512-quJQXlTSUGL2LH9SUXo8VwsY4soanhgo6LNSm84E1LBcE8s3O0wpdiRzyR9z/ZZJMlMWv37qOOb9pdJlMUEKFQ==",
            "dev": true,
            "license": "MIT",
            "engines": {
                "node": ">=8"
            }
        },
        "node_modules/ansi-styles": {
            "version": "4.3.0",
            "resolved": "https://registry.npmjs.org/ansi-styles/-/ansi-styles-4.3.0.tgz",
            "integrity": "sha512-zbB9rCJAT1rbjiVDb2hqKFHNYLxgtk8NURxZ3IZwD3F6NtxbXZQCnnSi1Lkx+IDohdPlFp222wVALIheZJQSEg==",
            "dev": true,
            "license": "MIT",
            "dependencies": {
                "color-convert": "^2.0.1"
            },
            "engines": {
                "node": ">=8"
            },
            "funding": {
                "url": "https://github.com/chalk/ansi-styles?sponsor=1"
            }
        },
        "node_modules/base64-js": {
            "version": "1.5.1",
            "resolved": "https://registry.npmjs.org/base64-js/-/base64-js-1.5.1.tgz",
            "integrity": "sha512-AKpaYlHn8t4SVbOHCy+b5+KKgvR4vrsD8vbvrbiQJps7fKDTkjkDry6ji0rUJjC0kzbNePLwzxq8iypo41qeWA==",
            "dev": true,
            "funding": [
                {
                    "type": "github",
                    "url": "https://github.com/sponsors/feross"
                },
                {
                    "type": "patreon",
                    "url": "https://www.patreon.com/feross"
                },
                {
                    "type": "consulting",
                    "url": "https://feross.org/support"
                }
            ],
            "license": "MIT"
        },
        "node_modules/bl": {
            "version": "4.1.0",
            "resolved": "https://registry.npmjs.org/bl/-/bl-4.1.0.tgz",
            "integrity": "sha512-1W07cM9gS6DcLperZfFSj+bWLtaPGSOHWhPiGzXmvVJbRLdG82sH/Kn8EtW1VqWVA54AKf2h5k5BbnIbwF3h6w==",
            "dev": true,
            "license": "MIT",
            "dependencies": {
                "buffer": "^5.5.0",
                "inherits": "^2.0.4",
                "readable-stream": "^3.4.0"
            }
        },
        "node_modules/buffer": {
            "version": "5.7.1",
            "resolved": "https://registry.npmjs.org/buffer/-/buffer-5.7.1.tgz",
            "integrity": "sha512-EHcyIPBQ4BSGlvjB16k5KgAJ27CIsHY/2JBmCRReo48y9rQ3MaUzWX3KVlBa4U7MyX02HdVj0K7C3WaB3ju7FQ==",
            "dev": true,
            "funding": [
                {
                    "type": "github",
                    "url": "https://github.com/sponsors/feross"
                },
                {
                    "type": "patreon",
                    "url": "https://www.patreon.com/feross"
                },
                {
                    "type": "consulting",
                    "url": "https://feross.org/support"
                }
            ],
            "license": "MIT",
            "dependencies": {
                "base64-js": "^1.3.1",
                "ieee754": "^1.1.13"
            }
        },
        "node_modules/chalk": {
            "version": "4.1.2",
            "resolved": "https://registry.npmjs.org/chalk/-/chalk-4.1.2.tgz",
            "integrity": "sha512-oKnbhFyRIXpUuez8iBMmyEa4nbj4IOQyuhc/wy9kY7/WVPcwIO9VA668Pu8RkO7+0G76SLROeyw9CpQ061i4mA==",
            "dev": true,
            "license": "MIT",
            "dependencies": {
                "ansi-styles": "^4.1.0",
                "supports-color": "^7.1.0"
            },
            "engines": {
                "node": ">=10"
            },
            "funding": {
                "url": "https://github.com/chalk/chalk?sponsor=1"
            }
        },
        "node_modules/class-variance-authority": {
            "version": "0.7.1",
            "resolved": "https://registry.npmjs.org/class-variance-authority/-/class-variance-authority-0.7.1.tgz",
            "integrity": "sha512-Ka+9Trutv7G8M6WT6SeiRWz792K5qEqIGEGzXKhAE6xOWAY6pPH8U+9IY3oCMv6kqTmLsv7Xh/2w2RigkePMsg==",
            "license": "Apache-2.0",
            "dependencies": {
                "clsx": "^2.1.1"
            },
            "funding": {
                "url": "https://polar.sh/cva"
            }
        },
        "node_modules/cli-cursor": {
            "version": "3.1.0",
            "resolved": "https://registry.npmjs.org/cli-cursor/-/cli-cursor-3.1.0.tgz",
            "integrity": "sha512-I/zHAwsKf9FqGoXM4WWRACob9+SNukZTd94DWF57E4toouRulbCxcUh6RKUEOQlYTHJnzkPMySvPNaaSLNfLZw==",
            "dev": true,
            "license": "MIT",
            "dependencies": {
                "restore-cursor": "^3.1.0"
            },
            "engines": {
                "node": ">=8"
            }
        },
        "node_modules/cli-spinners": {
            "version": "2.9.2",
            "resolved": "https://registry.npmjs.org/cli-spinners/-/cli-spinners-2.9.2.tgz",
            "integrity": "sha512-ywqV+5MmyL4E7ybXgKys4DugZbX0FC6LnwrhjuykIjnK9k8OQacQ7axGKnjDXWNhns0xot3bZI5h55H8yo9cJg==",
            "dev": true,
            "license": "MIT",
            "engines": {
                "node": ">=6"
            },
            "funding": {
                "url": "https://github.com/sponsors/sindresorhus"
            }
        },
        "node_modules/clone": {
            "version": "1.0.4",
            "resolved": "https://registry.npmjs.org/clone/-/clone-1.0.4.tgz",
            "integrity": "sha512-JQHZ2QMW6l3aH/j6xCqQThY/9OH4D/9ls34cgkUBiEeocRTU04tHfKPBsUK1PqZCUQM7GiA0IIXJSuXHI64Kbg==",
            "dev": true,
            "license": "MIT",
            "engines": {
                "node": ">=0.8"
            }
        },
        "node_modules/clsx": {
            "version": "2.1.1",
            "resolved": "https://registry.npmjs.org/clsx/-/clsx-2.1.1.tgz",
            "integrity": "sha512-eYm0QWBtUrBWZWG0d386OGAw16Z995PiOVo2B7bjWSbHedGl5e0ZWaq65kOGgUSNesEIDkB9ISbTg/JK9dhCZA==",
            "license": "MIT",
            "engines": {
                "node": ">=6"
            }
        },
        "node_modules/color-convert": {
            "version": "2.0.1",
            "resolved": "https://registry.npmjs.org/color-convert/-/color-convert-2.0.1.tgz",
            "integrity": "sha512-RRECPsj7iu/xb5oKYcsFHSppFNnsj/52OVTRKb4zP5onXwVF3zVmmToNcOfGC+CRDpfK/U584fMg38ZHCaElKQ==",
            "dev": true,
            "license": "MIT",
            "dependencies": {
                "color-name": "~1.1.4"
            },
            "engines": {
                "node": ">=7.0.0"
            }
        },
        "node_modules/color-name": {
            "version": "1.1.4",
            "resolved": "https://registry.npmjs.org/color-name/-/color-name-1.1.4.tgz",
            "integrity": "sha512-dOy+3AuW3a2wNbZHIuMZpTcgjGuLU/uBL/ubcZF9OXbDo8ff4O8yVp5Bf0efS8uEoYo5q4Fx7dY9OgQGXgAsQA==",
            "dev": true,
            "license": "MIT"
        },
        "node_modules/commander": {
            "version": "14.0.2",
            "resolved": "https://registry.npmjs.org/commander/-/commander-14.0.2.tgz",
            "integrity": "sha512-TywoWNNRbhoD0BXs1P3ZEScW8W5iKrnbithIl0YH+uCmBd0QpPOA8yc82DS3BIE5Ma6FnBVUsJ7wVUDz4dvOWQ==",
            "dev": true,
            "license": "MIT",
            "engines": {
                "node": ">=20"
            }
        },
        "node_modules/defaults": {
            "version": "1.0.4",
            "resolved": "https://registry.npmjs.org/defaults/-/defaults-1.0.4.tgz",
            "integrity": "sha512-eFuaLoy/Rxalv2kr+lqMlUnrDWV+3j4pljOIJgLIhI058IQfWJ7vXhyEIHu+HtC738klGALYxOKDO0bQP3tg8A==",
            "dev": true,
            "license": "MIT",
            "dependencies": {
                "clone": "^1.0.2"
            },
            "funding": {
                "url": "https://github.com/sponsors/sindresorhus"
            }
        },
        "node_modules/framer-motion": {
            "version": "12.23.26",
            "resolved": "https://registry.npmjs.org/framer-motion/-/framer-motion-12.23.26.tgz",
            "integrity": "sha512-cPcIhgR42xBn1Uj+PzOyheMtZ73H927+uWPDVhUMqxy8UHt6Okavb6xIz9J/phFUHUj0OncR6UvMfJTXoc/LKA==",
            "license": "MIT",
            "dependencies": {
                "motion-dom": "^12.23.23",
                "motion-utils": "^12.23.6",
                "tslib": "^2.4.0"
            },
            "peerDependencies": {
                "@emotion/is-prop-valid": "*",
                "react": "^18.0.0 || ^19.0.0",
                "react-dom": "^18.0.0 || ^19.0.0"
            },
            "peerDependenciesMeta": {
                "@emotion/is-prop-valid": {
                    "optional": true
                },
                "react": {
                    "optional": true
                },
                "react-dom": {
                    "optional": true
                }
            }
        },
        "node_modules/fs-extra": {
            "version": "11.3.3",
            "resolved": "https://registry.npmjs.org/fs-extra/-/fs-extra-11.3.3.tgz",
            "integrity": "sha512-VWSRii4t0AFm6ixFFmLLx1t7wS1gh+ckoa84aOeapGum0h+EZd1EhEumSB+ZdDLnEPuucsVB9oB7cxJHap6Afg==",
            "dev": true,
            "license": "MIT",
            "dependencies": {
                "graceful-fs": "^4.2.0",
                "jsonfile": "^6.0.1",
                "universalify": "^2.0.0"
            },
            "engines": {
                "node": ">=14.14"
            }
        },
        "node_modules/fsevents": {
            "version": "2.3.3",
            "resolved": "https://registry.npmjs.org/fsevents/-/fsevents-2.3.3.tgz",
            "integrity": "sha512-5xoDfX+fL7faATnagmWPpbFtwh/R77WmMMqqHGS65C3vvB0YHrgF+B1YmZ3441tMj5n63k0212XNoJwzlhffQw==",
            "dev": true,
            "hasInstallScript": true,
            "license": "MIT",
            "optional": true,
            "os": [
                "darwin"
            ],
            "engines": {
                "node": "^8.16.0 || ^10.6.0 || >=11.0.0"
            }
        },
        "node_modules/graceful-fs": {
            "version": "4.2.11",
            "resolved": "https://registry.npmjs.org/graceful-fs/-/graceful-fs-4.2.11.tgz",
            "integrity": "sha512-RbJ5/jmFcNNCcDV5o9eTnBLJ/HszWV0P73bc+Ff4nS/rJj+YaS6IGyiOL0VoBYX+l1Wrl3k63h/KrH+nhJ0XvQ==",
            "dev": true,
            "license": "ISC"
        },
        "node_modules/has-flag": {
            "version": "4.0.0",
            "resolved": "https://registry.npmjs.org/has-flag/-/has-flag-4.0.0.tgz",
            "integrity": "sha512-EykJT/Q1KjTWctppgIAgfSO0tKVuZUjhgMr17kqTumMl6Afv3EISleU7qZUzoXDFTAHTDC4NOoG/ZxU3EvlMPQ==",
            "dev": true,
            "license": "MIT",
            "engines": {
                "node": ">=8"
            }
        },
        "node_modules/ieee754": {
            "version": "1.2.1",
            "resolved": "https://registry.npmjs.org/ieee754/-/ieee754-1.2.1.tgz",
            "integrity": "sha512-dcyqhDvX1C46lXZcVqCpK+FtMRQVdIMN6/Df5js2zouUsqG7I6sFxitIC+7KYK29KdXOLHdu9zL4sFnoVQnqaA==",
            "dev": true,
            "funding": [
                {
                    "type": "github",
                    "url": "https://github.com/sponsors/feross"
                },
                {
                    "type": "patreon",
                    "url": "https://www.patreon.com/feross"
                },
                {
                    "type": "consulting",
                    "url": "https://feross.org/support"
                }
            ],
            "license": "BSD-3-Clause"
        },
        "node_modules/inherits": {
            "version": "2.0.4",
            "resolved": "https://registry.npmjs.org/inherits/-/inherits-2.0.4.tgz",
            "integrity": "sha512-k/vGaX4/Yla3WzyMCvTQOXYeIHvqOKtnqBduzTHpzpQZzAskKMhZ2K+EnBiSM9zGSoIFeMpXKxa4dYeZIQqewQ==",
            "dev": true,
            "license": "ISC"
        },
        "node_modules/is-interactive": {
            "version": "1.0.0",
            "resolved": "https://registry.npmjs.org/is-interactive/-/is-interactive-1.0.0.tgz",
            "integrity": "sha512-2HvIEKRoqS62guEC+qBjpvRubdX910WCMuJTZ+I9yvqKU2/12eSL549HMwtabb4oupdj2sMP50k+XJfB/8JE6w==",
            "dev": true,
            "license": "MIT",
            "engines": {
                "node": ">=8"
            }
        },
        "node_modules/is-unicode-supported": {
            "version": "0.1.0",
            "resolved": "https://registry.npmjs.org/is-unicode-supported/-/is-unicode-supported-0.1.0.tgz",
            "integrity": "sha512-knxG2q4UC3u8stRGyAVJCOdxFmv5DZiRcdlIaAQXAbSfJya+OhopNotLQrstBhququ4ZpuKbDc/8S6mgXgPFPw==",
            "dev": true,
            "license": "MIT",
            "engines": {
                "node": ">=10"
            },
            "funding": {
                "url": "https://github.com/sponsors/sindresorhus"
            }
        },
        "node_modules/js-tokens": {
            "version": "4.0.0",
            "resolved": "https://registry.npmjs.org/js-tokens/-/js-tokens-4.0.0.tgz",
            "integrity": "sha512-RdJUflcE3cUzKiMqQgsCu06FPu9UdIJO0beYbPhHN4k6apgJtifcoCtT9bcxOpYBtpD2kCM6Sbzg4CausW/PKQ==",
            "license": "MIT"
        },
        "node_modules/jsonfile": {
            "version": "6.2.0",
            "resolved": "https://registry.npmjs.org/jsonfile/-/jsonfile-6.2.0.tgz",
            "integrity": "sha512-FGuPw30AdOIUTRMC2OMRtQV+jkVj2cfPqSeWXv1NEAJ1qZ5zb1X6z1mFhbfOB/iy3ssJCD+3KuZ8r8C3uVFlAg==",
            "dev": true,
            "license": "MIT",
            "dependencies": {
                "universalify": "^2.0.0"
            },
            "optionalDependencies": {
                "graceful-fs": "^4.1.6"
            }
        },
        "node_modules/log-symbols": {
            "version": "4.1.0",
            "resolved": "https://registry.npmjs.org/log-symbols/-/log-symbols-4.1.0.tgz",
            "integrity": "sha512-8XPvpAA8uyhfteu8pIvQxpJZ7SYYdpUivZpGy6sFsBuKRY/7rQGavedeB8aK+Zkyq6upMFVL/9AW6vOYzfRyLg==",
            "dev": true,
            "license": "MIT",
            "dependencies": {
                "chalk": "^4.1.0",
                "is-unicode-supported": "^0.1.0"
            },
            "engines": {
                "node": ">=10"
            },
            "funding": {
                "url": "https://github.com/sponsors/sindresorhus"
            }
        },
        "node_modules/loose-envify": {
            "version": "1.4.0",
            "resolved": "https://registry.npmjs.org/loose-envify/-/loose-envify-1.4.0.tgz",
            "integrity": "sha512-lyuxPGr/Wfhrlem2CL/UcnUc1zcqKAImBDzukY7Y5F/yQiNdko6+fRLevlw1HgMySw7f611UIY408EtxRSoK3Q==",
            "license": "MIT",
            "dependencies": {
                "js-tokens": "^3.0.0 || ^4.0.0"
            },
            "bin": {
                "loose-envify": "cli.js"
            }
        },
        "node_modules/mimic-fn": {
            "version": "2.1.0",
            "resolved": "https://registry.npmjs.org/mimic-fn/-/mimic-fn-2.1.0.tgz",
            "integrity": "sha512-OqbOk5oEQeAZ8WXWydlu9HJjz9WVdEIvamMCcXmuqUYjTknH/sqsWvhQ3vgwKFRR1HpjvNBKQ37nbJgYzGqGcg==",
            "dev": true,
            "license": "MIT",
            "engines": {
                "node": ">=6"
            }
        },
        "node_modules/motion-dom": {
            "version": "12.23.23",
            "resolved": "https://registry.npmjs.org/motion-dom/-/motion-dom-12.23.23.tgz",
            "integrity": "sha512-n5yolOs0TQQBRUFImrRfs/+6X4p3Q4n1dUEqt/H58Vx7OW6RF+foWEgmTVDhIWJIMXOuNNL0apKH2S16en9eiA==",
            "license": "MIT",
            "dependencies": {
                "motion-utils": "^12.23.6"
            }
        },
        "node_modules/motion-utils": {
            "version": "12.23.6",
            "resolved": "https://registry.npmjs.org/motion-utils/-/motion-utils-12.23.6.tgz",
            "integrity": "sha512-eAWoPgr4eFEOFfg2WjIsMoqJTW6Z8MTUCgn/GZ3VRpClWBdnbjryiA3ZSNLyxCTmCQx4RmYX6jX1iWHbenUPNQ==",
            "license": "MIT"
        },
        "node_modules/onetime": {
            "version": "5.1.2",
            "resolved": "https://registry.npmjs.org/onetime/-/onetime-5.1.2.tgz",
            "integrity": "sha512-kbpaSSGJTWdAY5KPVeMOKXSrPtr8C8C7wodJbcsd51jRnmD+GZu8Y0VoU6Dm5Z4vWr0Ig/1NKuWRKf7j5aaYSg==",
            "dev": true,
            "license": "MIT",
            "dependencies": {
                "mimic-fn": "^2.1.0"
            },
            "engines": {
                "node": ">=6"
            },
            "funding": {
                "url": "https://github.com/sponsors/sindresorhus"
            }
        },
        "node_modules/ora": {
            "version": "5.4.1",
            "resolved": "https://registry.npmjs.org/ora/-/ora-5.4.1.tgz",
            "integrity": "sha512-5b6Y85tPxZZ7QytO+BQzysW31HJku27cRIlkbAXaNx+BdcVi+LlRFmVXzeF6a7JCwJpyw5c4b+YSVImQIrBpuQ==",
            "dev": true,
            "license": "MIT",
            "dependencies": {
                "bl": "^4.1.0",
                "chalk": "^4.1.0",
                "cli-cursor": "^3.1.0",
                "cli-spinners": "^2.5.0",
                "is-interactive": "^1.0.0",
                "is-unicode-supported": "^0.1.0",
                "log-symbols": "^4.1.0",
                "strip-ansi": "^6.0.0",
                "wcwidth": "^1.0.1"
            },
            "engines": {
                "node": ">=10"
            },
            "funding": {
                "url": "https://github.com/sponsors/sindresorhus"
            }
        },
        "node_modules/react": {
            "version": "18.3.1",
            "resolved": "https://registry.npmjs.org/react/-/react-18.3.1.tgz",
            "integrity": "sha512-wS+hAgJShR0KhEvPJArfuPVN1+Hz1t0Y6n5jLrGQbkb4urgPE/0Rve+1kMB1v/oWgHgm4WIcV+i7F2pTVj+2iQ==",
            "license": "MIT",
            "peer": true,
            "dependencies": {
                "loose-envify": "^1.1.0"
            },
            "engines": {
                "node": ">=0.10.0"
            }
        },
        "node_modules/react-dom": {
            "version": "18.3.1",
            "resolved": "https://registry.npmjs.org/react-dom/-/react-dom-18.3.1.tgz",
            "integrity": "sha512-5m4nQKp+rZRb09LNH59GM4BxTh9251/ylbKIbpe7TpGxfJ+9kv6BLkLBXIjjspbgbnIBNqlI23tRnTWT0snUIw==",
            "license": "MIT",
            "peer": true,
            "dependencies": {
                "loose-envify": "^1.1.0",
                "scheduler": "^0.23.2"
            },
            "peerDependencies": {
                "react": "^18.3.1"
            }
        },
        "node_modules/readable-stream": {
            "version": "3.6.2",
            "resolved": "https://registry.npmjs.org/readable-stream/-/readable-stream-3.6.2.tgz",
            "integrity": "sha512-9u/sniCrY3D5WdsERHzHE4G2YCXqoG5FTHUiCC4SIbr6XcLZBY05ya9EKjYek9O5xOAwjGq+1JdGBAS7Q9ScoA==",
            "dev": true,
            "license": "MIT",
            "dependencies": {
                "inherits": "^2.0.3",
                "string_decoder": "^1.1.1",
                "util-deprecate": "^1.0.1"
            },
            "engines": {
                "node": ">= 6"
            }
        },
        "node_modules/restore-cursor": {
            "version": "3.1.0",
            "resolved": "https://registry.npmjs.org/restore-cursor/-/restore-cursor-3.1.0.tgz",
            "integrity": "sha512-l+sSefzHpj5qimhFSE5a8nufZYAM3sBSVMAPtYkmC+4EH2anSGaEMXSD0izRQbu9nfyQ9y5JrVmp7E8oZrUjvA==",
            "dev": true,
            "license": "MIT",
            "dependencies": {
                "onetime": "^5.1.0",
                "signal-exit": "^3.0.2"
            },
            "engines": {
                "node": ">=8"
            }
        },
        "node_modules/rollup": {
            "version": "4.54.0",
            "resolved": "https://registry.npmjs.org/rollup/-/rollup-4.54.0.tgz",
            "integrity": "sha512-3nk8Y3a9Ea8szgKhinMlGMhGMw89mqule3KWczxhIzqudyHdCIOHw8WJlj/r329fACjKLEh13ZSk7oE22kyeIw==",
            "dev": true,
            "license": "MIT",
            "dependencies": {
                "@types/estree": "1.0.8"
            },
            "bin": {
                "rollup": "dist/bin/rollup"
            },
            "engines": {
                "node": ">=18.0.0",
                "npm": ">=8.0.0"
            },
            "optionalDependencies": {
                "@rollup/rollup-android-arm-eabi": "4.54.0",
                "@rollup/rollup-android-arm64": "4.54.0",
                "@rollup/rollup-darwin-arm64": "4.54.0",
                "@rollup/rollup-darwin-x64": "4.54.0",
                "@rollup/rollup-freebsd-arm64": "4.54.0",
                "@rollup/rollup-freebsd-x64": "4.54.0",
                "@rollup/rollup-linux-arm-gnueabihf": "4.54.0",
                "@rollup/rollup-linux-arm-musleabihf": "4.54.0",
                "@rollup/rollup-linux-arm64-gnu": "4.54.0",
                "@rollup/rollup-linux-arm64-musl": "4.54.0",
                "@rollup/rollup-linux-loong64-gnu": "4.54.0",
                "@rollup/rollup-linux-ppc64-gnu": "4.54.0",
                "@rollup/rollup-linux-riscv64-gnu": "4.54.0",
                "@rollup/rollup-linux-riscv64-musl": "4.54.0",
                "@rollup/rollup-linux-s390x-gnu": "4.54.0",
                "@rollup/rollup-linux-x64-gnu": "4.54.0",
                "@rollup/rollup-linux-x64-musl": "4.54.0",
                "@rollup/rollup-openharmony-arm64": "4.54.0",
                "@rollup/rollup-win32-arm64-msvc": "4.54.0",
                "@rollup/rollup-win32-ia32-msvc": "4.54.0",
                "@rollup/rollup-win32-x64-gnu": "4.54.0",
                "@rollup/rollup-win32-x64-msvc": "4.54.0",
                "fsevents": "~2.3.2"
            }
        },
        "node_modules/safe-buffer": {
            "version": "5.2.1",
            "resolved": "https://registry.npmjs.org/safe-buffer/-/safe-buffer-5.2.1.tgz",
            "integrity": "sha512-rp3So07KcdmmKbGvgaNxQSJr7bGVSVk5S9Eq1F+ppbRo70+YeaDxkw5Dd8NPN+GD6bjnYm2VuPuCXmpuYvmCXQ==",
            "dev": true,
            "funding": [
                {
                    "type": "github",
                    "url": "https://github.com/sponsors/feross"
                },
                {
                    "type": "patreon",
                    "url": "https://www.patreon.com/feross"
                },
                {
                    "type": "consulting",
                    "url": "https://feross.org/support"
                }
            ],
            "license": "MIT"
        },
        "node_modules/scheduler": {
            "version": "0.23.2",
            "resolved": "https://registry.npmjs.org/scheduler/-/scheduler-0.23.2.tgz",
            "integrity": "sha512-UOShsPwz7NrMUqhR6t0hWjFduvOzbtv7toDH1/hIrfRNIDBnnBWd0CwJTGvTpngVlmwGCdP9/Zl/tVrDqcuYzQ==",
            "license": "MIT",
            "dependencies": {
                "loose-envify": "^1.1.0"
            }
        },
        "node_modules/signal-exit": {
            "version": "3.0.7",
            "resolved": "https://registry.npmjs.org/signal-exit/-/signal-exit-3.0.7.tgz",
            "integrity": "sha512-wnD2ZE+l+SPC/uoS0vXeE9L1+0wuaMqKlfz9AMUo38JsyLSBWSFcHR1Rri62LZc12vLr1gb3jl7iwQhgwpAbGQ==",
            "dev": true,
            "license": "ISC"
        },
        "node_modules/string_decoder": {
            "version": "1.3.0",
            "resolved": "https://registry.npmjs.org/string_decoder/-/string_decoder-1.3.0.tgz",
            "integrity": "sha512-hkRX8U1WjJFd8LsDJ2yQ/wWWxaopEsABU1XfkM8A+j0+85JAGppt16cr1Whg6KIbb4okU6Mql6BOj+uup/wKeA==",
            "dev": true,
            "license": "MIT",
            "dependencies": {
                "safe-buffer": "~5.2.0"
            }
        },
        "node_modules/strip-ansi": {
            "version": "6.0.1",
            "resolved": "https://registry.npmjs.org/strip-ansi/-/strip-ansi-6.0.1.tgz",
            "integrity": "sha512-Y38VPSHcqkFrCpFnQ9vuSXmquuv5oXOKpGeT6aGrr3o3Gc9AlVa6JBfUSOCnbxGGZF+/0ooI7KrPuUSztUdU5A==",
            "dev": true,
            "license": "MIT",
            "dependencies": {
                "ansi-regex": "^5.0.1"
            },
            "engines": {
                "node": ">=8"
            }
        },
        "node_modules/supports-color": {
            "version": "7.2.0",
            "resolved": "https://registry.npmjs.org/supports-color/-/supports-color-7.2.0.tgz",
            "integrity": "sha512-qpCAvRl9stuOHveKsn7HncJRvv501qIacKzQlO/+Lwxc9+0q2wLyv4Dfvt80/DPn2pqOBsJdDiogXGR9+OvwRw==",
            "dev": true,
            "license": "MIT",
            "dependencies": {
                "has-flag": "^4.0.0"
            },
            "engines": {
                "node": ">=8"
            }
        },
        "node_modules/tailwind-merge": {
            "version": "3.4.0",
            "resolved": "https://registry.npmjs.org/tailwind-merge/-/tailwind-merge-3.4.0.tgz",
            "integrity": "sha512-uSaO4gnW+b3Y2aWoWfFpX62vn2sR3skfhbjsEnaBI81WD1wBLlHZe5sWf0AqjksNdYTbGBEd0UasQMT3SNV15g==",
            "license": "MIT",
            "funding": {
                "type": "github",
                "url": "https://github.com/sponsors/dcastil"
            }
        },
        "node_modules/tslib": {
            "version": "2.8.1",
            "resolved": "https://registry.npmjs.org/tslib/-/tslib-2.8.1.tgz",
            "integrity": "sha512-oJFu94HQb+KVduSUQL7wnpmqnfmLsOA/nAh6b6EH0wCEoK0/mPeXU6c3wKDV83MkOuHPRHtSXKKU99IBazS/2w==",
            "license": "0BSD"
        },
        "node_modules/typescript": {
            "version": "5.9.3",
            "resolved": "https://registry.npmjs.org/typescript/-/typescript-5.9.3.tgz",
            "integrity": "sha512-jl1vZzPDinLr9eUt3J/t7V6FgNEw9QjvBPdysz9KfQDD41fQrC2Y4vKQdiaUpFT4bXlb1RHhLpp8wtm6M5TgSw==",
            "dev": true,
            "license": "Apache-2.0",
            "bin": {
                "tsc": "bin/tsc",
                "tsserver": "bin/tsserver"
            },
            "engines": {
                "node": ">=14.17"
            }
        },
        "node_modules/universalify": {
            "version": "2.0.1",
            "resolved": "https://registry.npmjs.org/universalify/-/universalify-2.0.1.tgz",
            "integrity": "sha512-gptHNQghINnc/vTGIk0SOFGFNXw7JVrlRUtConJRlvaw6DuX0wO5Jeko9sWrMBhh+PsYAZ7oXAiOnf/UKogyiw==",
            "dev": true,
            "license": "MIT",
            "engines": {
                "node": ">= 10.0.0"
            }
        },
        "node_modules/util-deprecate": {
            "version": "1.0.2",
            "resolved": "https://registry.npmjs.org/util-deprecate/-/util-deprecate-1.0.2.tgz",
            "integrity": "sha512-EPD5q1uXyFxJpCrLnCc1nHnq3gOa6DZBocAIiI2TaSCA7VCJ1UJDMagCzIkXNsUYfD1daK//LTEQ8xiIbrHtcw==",
            "dev": true,
            "license": "MIT"
        },
        "node_modules/wcwidth": {
            "version": "1.0.1",
            "resolved": "https://registry.npmjs.org/wcwidth/-/wcwidth-1.0.1.tgz",
            "integrity": "sha512-XHPEwS0q6TaxcvG85+8EYkbiCux2XtWG2mkc47Ng2A77BQu9+DqIOJldST4HgPkuea7dvKSj5VgX3P1d4rW8Tg==",
            "dev": true,
            "license": "MIT",
            "dependencies": {
                "defaults": "^1.0.3"
            }
        }
    }
}
